{
    "_readme": [
        "This file locks the dependencies of your project to a known state",
        "Read more about it at https://getcomposer.org/doc/01-basic-usage.md#installing-dependencies",
        "This file is @generated automatically"
    ],
    "content-hash": "4ac91a05361c55b0fbfb6247ec53b60a",
    "packages": [
        {
            "name": "gumlet/php-image-resize",
            "version": "1.9.2",
            "source": {
                "type": "git",
                "url": "https://github.com/gumlet/php-image-resize.git",
                "reference": "06339a9c1b167acd58173db226f57957a6617547"
            },
            "dist": {
                "type": "zip",
                "url": "https://api.github.com/repos/gumlet/php-image-resize/zipball/06339a9c1b167acd58173db226f57957a6617547",
                "reference": "06339a9c1b167acd58173db226f57957a6617547",
                "shasum": ""
            },
            "require": {
                "ext-fileinfo": "*",
                "ext-gd": "*",
                "php": ">=5.5.0"
            },
            "require-dev": {
                "apigen/apigen": "^4.1",
                "ext-exif": "*",
                "ext-gd": "*",
                "php-coveralls/php-coveralls": "^2.1",
                "phpunit/phpunit": "^4.8"
            },
            "suggest": {
                "ext-exif": "Auto-rotate jpeg files"
            },
            "type": "library",
            "autoload": {
                "psr-4": {
                    "Gumlet\\": "lib/"
                }
            },
            "notification-url": "https://packagist.org/downloads/",
            "license": [
                "MIT"
            ],
            "authors": [
                {
                    "name": "Aditya Patadia",
                    "homepage": "http://aditya.patadia.org/"
                }
            ],
            "description": "PHP class to re-size and scale images",
            "homepage": "https://github.com/gumlet/php-image-resize",
            "keywords": [
                "image",
                "php",
                "resize",
                "scale"
            ],
            "support": {
                "issues": "https://github.com/gumlet/php-image-resize/issues",
                "source": "https://github.com/gumlet/php-image-resize/tree/master"
            },
            "time": "2019-01-01T13:53:00+00:00"
        },
        {
            "name": "html2text/html2text",
            "version": "dev-master",
            "source": {
                "type": "git",
                "url": "https://github.com/mtibben/html2text.git",
                "reference": "642f1e6e317115b03ce3d76635b7cf8ebf4847db"
            },
            "dist": {
                "type": "zip",
                "url": "https://api.github.com/repos/mtibben/html2text/zipball/642f1e6e317115b03ce3d76635b7cf8ebf4847db",
                "reference": "642f1e6e317115b03ce3d76635b7cf8ebf4847db",
                "shasum": ""
            },
            "require-dev": {
                "phpunit/phpunit": "~4|^9.0"
            },
            "suggest": {
                "ext-mbstring": "For best performance",
                "symfony/polyfill-mbstring": "If you can't install ext-mbstring"
            },
            "default-branch": true,
            "type": "library",
            "autoload": {
                "psr-4": {
                    "Html2Text\\": "src/"
                }
            },
            "notification-url": "https://packagist.org/downloads/",
            "license": [
                "GPL-2.0-or-later"
            ],
            "description": "Converts HTML to formatted plain text",
            "support": {
                "issues": "https://github.com/mtibben/html2text/issues",
                "source": "https://github.com/mtibben/html2text/tree/master"
            },
            "time": "2020-11-03T21:59:14+00:00"
        },
        {
            "name": "nilportugues/sql-query-builder",
            "version": "1.8.0",
            "source": {
                "type": "git",
                "url": "https://github.com/nilportugues/php-sql-query-builder.git",
                "reference": "cc3401099328ddfad54b2b801e38e05a50da11bd"
            },
            "dist": {
                "type": "zip",
                "url": "https://api.github.com/repos/nilportugues/php-sql-query-builder/zipball/cc3401099328ddfad54b2b801e38e05a50da11bd",
                "reference": "cc3401099328ddfad54b2b801e38e05a50da11bd",
                "shasum": ""
            },
            "require": {
                "nilportugues/sql-query-formatter": "~1.2",
                "php": ">=5.5"
            },
            "require-dev": {
                "fabpot/php-cs-fixer": "~1.9",
                "nilportugues/php_backslasher": "~0.2",
                "phpunit/phpunit": "4.*"
            },
            "type": "library",
            "extra": {
                "branch-alias": {
                    "dev-master": "1.0.x-dev"
                }
            },
            "autoload": {
                "psr-4": {
                    "NilPortugues\\Sql\\QueryBuilder\\": "src/"
                }
            },
            "notification-url": "https://packagist.org/downloads/",
            "license": [
                "MIT"
            ],
            "authors": [
                {
                    "name": "Nil Portugués Calderó",
                    "email": "contact@nilportugues.com",
                    "homepage": "http://nilportugues.com",
                    "role": "Lead Developer"
                },
                {
                    "name": "Woody Gilk",
                    "email": "woody.gilk@gmail.com",
                    "homepage": "http://shadowhand.me/",
                    "role": "Contributor"
                }
            ],
            "description": "An elegant lightweight and efficient SQL QueryInterface BuilderInterface supporting bindings and complicated query generation.",
            "homepage": "http://nilportugues.com",
            "keywords": [
                "builder",
                "mysql",
                "orm",
                "query",
                "query builder",
                "sql"
            ],
            "support": {
                "issues": "https://github.com/nilportugues/php-sql-query-builder/issues",
                "source": "https://github.com/nilportugues/php-sql-query-builder/tree/1.8.0"
            },
            "time": "2020-04-07T22:51:47+00:00"
        },
        {
            "name": "nilportugues/sql-query-formatter",
            "version": "v1.2.2",
            "source": {
                "type": "git",
                "url": "https://github.com/nilportugues/sql-query-formatter.git",
                "reference": "a539162a13e3217827237d5809fbaf25e136dc0e"
            },
            "dist": {
                "type": "zip",
                "url": "https://api.github.com/repos/nilportugues/sql-query-formatter/zipball/a539162a13e3217827237d5809fbaf25e136dc0e",
                "reference": "a539162a13e3217827237d5809fbaf25e136dc0e",
                "shasum": ""
            },
            "require": {
                "php": ">=5.5"
            },
            "require-dev": {
                "fabpot/php-cs-fixer": "~1.9",
                "nilportugues/php_backslasher": "~0.2",
                "phpunit/phpunit": "4.*"
            },
            "type": "library",
            "autoload": {
                "psr-4": {
                    "NilPortugues\\Sql\\QueryFormatter\\": "src/"
                }
            },
            "notification-url": "https://packagist.org/downloads/",
            "license": [
                "MIT"
            ],
            "authors": [
                {
                    "name": "Nil Portugués Calderó",
                    "email": "contact@nilportugues.com",
                    "homepage": "http://nilportugues.com",
                    "role": "Lead Developer"
                }
            ],
            "description": "A very lightweight PHP class that reformats unreadable and computer-generated SQL query statements to human-friendly, readable text.",
            "homepage": "http://nilportugues.com",
            "keywords": [
                "format",
                "formatter",
                "mysql",
                "parser",
                "query",
                "reformat",
                "sql",
                "sql server",
                "tokenizer"
            ],
            "support": {
                "issues": "https://github.com/nilportugues/sql-query-formatter/issues",
                "source": "https://github.com/nilportugues/sql-query-formatter/tree/master"
            },
            "time": "2015-11-02T23:24:39+00:00"
        },
        {
            "name": "phelium/mysql-backup",
            "version": "dev-master",
            "source": {
                "type": "git",
                "url": "https://github.com/shevabam/mysql-backup.git",
                "reference": "2e0a41c0ac4338f4022a9891fbfcf79da32217cf"
            },
            "dist": {
                "type": "zip",
                "url": "https://api.github.com/repos/shevabam/mysql-backup/zipball/2e0a41c0ac4338f4022a9891fbfcf79da32217cf",
                "reference": "2e0a41c0ac4338f4022a9891fbfcf79da32217cf",
                "shasum": ""
            },
            "require": {
                "php": ">=5.3.0"
            },
            "default-branch": true,
            "type": "library",
            "autoload": {
                "psr-4": {
                    "Phelium\\Component\\": "src"
                }
            },
            "notification-url": "https://packagist.org/downloads/",
            "license": [
                "GPL-2.0-only"
            ],
            "authors": [
                {
                    "name": "ShevAbam",
                    "email": "me@shevarezo.fr"
                }
            ],
            "description": "Backup easily your MySQL database !",
            "homepage": "https://github.com/shevabam/mysql-backup",
            "keywords": [
                "backup",
                "database",
                "dump",
                "mysql"
            ],
            "support": {
                "issues": "https://github.com/shevabam/mysql-backup/issues",
                "source": "https://github.com/shevabam/mysql-backup/tree/master"
            },
            "time": "2018-05-23T07:13:07+00:00"
        },
        {
            "name": "phpmailer/phpmailer",
            "version": "dev-master",
            "source": {
                "type": "git",
                "url": "https://github.com/PHPMailer/PHPMailer.git",
                "reference": "9256f12d8fb0cd0500f93b19e18c356906cbed3d"
            },
            "dist": {
                "type": "zip",
                "url": "https://api.github.com/repos/PHPMailer/PHPMailer/zipball/9256f12d8fb0cd0500f93b19e18c356906cbed3d",
                "reference": "9256f12d8fb0cd0500f93b19e18c356906cbed3d",
                "shasum": ""
            },
            "require": {
                "ext-ctype": "*",
                "ext-filter": "*",
                "ext-hash": "*",
                "php": ">=5.5.0"
            },
            "require-dev": {
                "dealerdirect/phpcodesniffer-composer-installer": "^0.7.0",
                "doctrine/annotations": "^1.2",
                "phpcompatibility/php-compatibility": "^9.3.5",
                "roave/security-advisories": "dev-latest",
                "squizlabs/php_codesniffer": "^3.5.6",
                "yoast/phpunit-polyfills": "^0.2.0"
            },
            "suggest": {
                "ext-mbstring": "Needed to send email in multibyte encoding charset or decode encoded addresses",
                "hayageek/oauth2-yahoo": "Needed for Yahoo XOAUTH2 authentication",
                "league/oauth2-google": "Needed for Google XOAUTH2 authentication",
                "psr/log": "For optional PSR-3 debug logging",
                "stevenmaguire/oauth2-microsoft": "Needed for Microsoft XOAUTH2 authentication",
                "symfony/polyfill-mbstring": "To support UTF-8 if the Mbstring PHP extension is not enabled (^1.2)"
            },
            "default-branch": true,
            "type": "library",
            "autoload": {
                "psr-4": {
                    "PHPMailer\\PHPMailer\\": "src/"
                }
            },
            "notification-url": "https://packagist.org/downloads/",
            "license": [
                "LGPL-2.1-only"
            ],
            "authors": [
                {
                    "name": "Marcus Bointon",
                    "email": "phpmailer@synchromedia.co.uk"
                },
                {
                    "name": "Jim Jagielski",
                    "email": "jimjag@gmail.com"
                },
                {
                    "name": "Andy Prevost",
                    "email": "codeworxtech@users.sourceforge.net"
                },
                {
                    "name": "Brent R. Matzelle"
                }
            ],
            "description": "PHPMailer is a full-featured email creation and transfer class for PHP",
            "support": {
                "issues": "https://github.com/PHPMailer/PHPMailer/issues",
                "source": "https://github.com/PHPMailer/PHPMailer/tree/v6.4.1"
            },
            "funding": [
                {
                    "url": "https://github.com/Synchro",
                    "type": "github"
                }
            ],
            "time": "2021-04-29T12:25:04+00:00"
        },
        {
            "name": "symfony/polyfill-ctype",
            "version": "dev-main",
            "source": {
                "type": "git",
                "url": "https://github.com/symfony/polyfill-ctype.git",
                "reference": "46cd95797e9df938fdd2b03693b5fca5e64b01ce"
            },
            "dist": {
                "type": "zip",
                "url": "https://api.github.com/repos/symfony/polyfill-ctype/zipball/46cd95797e9df938fdd2b03693b5fca5e64b01ce",
                "reference": "46cd95797e9df938fdd2b03693b5fca5e64b01ce",
                "shasum": ""
            },
            "require": {
                "php": ">=7.1"
            },
            "suggest": {
                "ext-ctype": "For best performance"
            },
            "default-branch": true,
            "type": "library",
            "extra": {
                "branch-alias": {
                    "dev-main": "1.23-dev"
                },
                "thanks": {
                    "name": "symfony/polyfill",
                    "url": "https://github.com/symfony/polyfill"
                }
            },
            "autoload": {
                "psr-4": {
                    "Symfony\\Polyfill\\Ctype\\": ""
                },
                "files": [
                    "bootstrap.php"
                ]
            },
            "notification-url": "https://packagist.org/downloads/",
            "license": [
                "MIT"
            ],
            "authors": [
                {
                    "name": "Gert de Pagter",
                    "email": "BackEndTea@gmail.com"
                },
                {
                    "name": "Symfony Community",
                    "homepage": "https://symfony.com/contributors"
                }
            ],
            "description": "Symfony polyfill for ctype functions",
            "homepage": "https://symfony.com",
            "keywords": [
                "compatibility",
                "ctype",
                "polyfill",
                "portable"
            ],
            "support": {
                "source": "https://github.com/symfony/polyfill-ctype/tree/main"
            },
            "funding": [
                {
                    "url": "https://symfony.com/sponsor",
                    "type": "custom"
                },
                {
                    "url": "https://github.com/fabpot",
                    "type": "github"
                },
                {
                    "url": "https://tidelift.com/funding/github/packagist/symfony/symfony",
                    "type": "tidelift"
                }
            ],
            "time": "2021-02-19T12:13:01+00:00"
        },
        {
            "name": "symfony/polyfill-mbstring",
            "version": "dev-main",
            "source": {
                "type": "git",
                "url": "https://github.com/symfony/polyfill-mbstring.git",
                "reference": "9ad2f3c9de0273812c616fdf96070a129c3defcb"
            },
            "dist": {
                "type": "zip",
                "url": "https://api.github.com/repos/symfony/polyfill-mbstring/zipball/9ad2f3c9de0273812c616fdf96070a129c3defcb",
                "reference": "9ad2f3c9de0273812c616fdf96070a129c3defcb",
                "shasum": ""
            },
            "require": {
                "php": ">=7.1"
            },
            "suggest": {
                "ext-mbstring": "For best performance"
            },
            "default-branch": true,
            "type": "library",
            "extra": {
                "branch-alias": {
                    "dev-main": "1.23-dev"
                },
                "thanks": {
                    "name": "symfony/polyfill",
                    "url": "https://github.com/symfony/polyfill"
                }
            },
            "autoload": {
                "psr-4": {
                    "Symfony\\Polyfill\\Mbstring\\": ""
                },
                "files": [
                    "bootstrap.php"
                ]
            },
            "notification-url": "https://packagist.org/downloads/",
            "license": [
                "MIT"
            ],
            "authors": [
                {
                    "name": "Nicolas Grekas",
                    "email": "p@tchwork.com"
                },
                {
                    "name": "Symfony Community",
                    "homepage": "https://symfony.com/contributors"
                }
            ],
            "description": "Symfony polyfill for the Mbstring extension",
            "homepage": "https://symfony.com",
            "keywords": [
                "compatibility",
                "mbstring",
                "polyfill",
                "portable",
                "shim"
            ],
            "support": {
                "source": "https://github.com/symfony/polyfill-mbstring/tree/main"
            },
            "funding": [
                {
                    "url": "https://symfony.com/sponsor",
                    "type": "custom"
                },
                {
                    "url": "https://github.com/fabpot",
                    "type": "github"
                },
                {
                    "url": "https://tidelift.com/funding/github/packagist/symfony/symfony",
                    "type": "tidelift"
                }
            ],
            "time": "2021-04-23T08:04:02+00:00"
        },
        {
            "name": "tedivm/jshrink",
            "version": "dev-master",
            "source": {
                "type": "git",
                "url": "https://github.com/tedious/JShrink.git",
                "reference": "0513ba1407b1f235518a939455855e6952a48bbc"
            },
            "dist": {
                "type": "zip",
                "url": "https://api.github.com/repos/tedious/JShrink/zipball/0513ba1407b1f235518a939455855e6952a48bbc",
                "reference": "0513ba1407b1f235518a939455855e6952a48bbc",
                "shasum": ""
            },
            "require": {
                "php": "^5.6|^7.0|^8.0"
            },
            "require-dev": {
                "friendsofphp/php-cs-fixer": "^2.8",
                "php-coveralls/php-coveralls": "^1.1.0",
                "phpunit/phpunit": "^6"
            },
            "default-branch": true,
            "type": "library",
            "autoload": {
                "psr-0": {
                    "JShrink": "src/"
                }
            },
            "notification-url": "https://packagist.org/downloads/",
            "license": [
                "BSD-3-Clause"
            ],
            "authors": [
                {
                    "name": "Robert Hafner",
                    "email": "tedivm@tedivm.com"
                }
            ],
            "description": "Javascript Minifier built in PHP",
            "homepage": "http://github.com/tedious/JShrink",
            "keywords": [
                "javascript",
                "minifier"
            ],
            "support": {
                "issues": "https://github.com/tedious/JShrink/issues",
                "source": "https://github.com/tedious/JShrink/tree/v1.4.0"
            },
            "funding": [
                {
                    "url": "https://tidelift.com/funding/github/packagist/tedivm/jshrink",
                    "type": "tidelift"
                }
            ],
            "time": "2020-11-30T18:10:21+00:00"
        },
        {
            "name": "twig/twig",
            "version": "3.x-dev",
            "source": {
                "type": "git",
                "url": "https://github.com/twigphp/Twig.git",
                "reference": "32d72de1885889452f3d8aa298a90b04d263651b"
            },
            "dist": {
                "type": "zip",
                "url": "https://api.github.com/repos/twigphp/Twig/zipball/32d72de1885889452f3d8aa298a90b04d263651b",
                "reference": "32d72de1885889452f3d8aa298a90b04d263651b",
                "shasum": ""
            },
            "require": {
                "php": ">=7.2.5",
                "symfony/polyfill-ctype": "^1.8",
                "symfony/polyfill-mbstring": "^1.3"
            },
            "require-dev": {
                "psr/container": "^1.0",
                "symfony/phpunit-bridge": "^4.4.9|^5.0.9"
            },
            "default-branch": true,
            "type": "library",
            "extra": {
                "branch-alias": {
                    "dev-master": "3.3-dev"
                }
            },
            "autoload": {
                "psr-4": {
                    "Twig\\": "src/"
                }
            },
            "notification-url": "https://packagist.org/downloads/",
            "license": [
                "BSD-3-Clause"
            ],
            "authors": [
                {
                    "name": "Fabien Potencier",
                    "email": "fabien@symfony.com",
                    "homepage": "http://fabien.potencier.org",
                    "role": "Lead Developer"
                },
                {
                    "name": "Twig Team",
                    "role": "Contributors"
                },
                {
                    "name": "Armin Ronacher",
                    "email": "armin.ronacher@active-4.com",
                    "role": "Project Founder"
                }
            ],
            "description": "Twig, the flexible, fast, and secure template language for PHP",
            "homepage": "https://twig.symfony.com",
            "keywords": [
                "templating"
            ],
            "support": {
                "issues": "https://github.com/twigphp/Twig/issues",
                "source": "https://github.com/twigphp/Twig/tree/3.x"
            },
            "funding": [
                {
                    "url": "https://github.com/fabpot",
                    "type": "github"
                },
                {
                    "url": "https://tidelift.com/funding/github/packagist/twig/twig",
                    "type": "tidelift"
                }
            ],
            "time": "2021-04-15T10:09:30+00:00"
        },
        {
            "name": "wixel/gump",
            "version": "dev-master",
            "source": {
                "type": "git",
                "url": "https://github.com/Wixel/GUMP.git",
                "reference": "e8416a3942f8e868c930e3577e12ba23ef02e8fe"
            },
            "dist": {
                "type": "zip",
                "url": "https://api.github.com/repos/Wixel/GUMP/zipball/e8416a3942f8e868c930e3577e12ba23ef02e8fe",
                "reference": "e8416a3942f8e868c930e3577e12ba23ef02e8fe",
                "shasum": ""
            },
            "require": {
                "ext-bcmath": "*",
                "ext-iconv": "*",
                "ext-intl": "*",
                "ext-json": "*",
                "ext-mbstring": "*",
                "php": ">=7.0"
            },
            "require-dev": {
                "kamermans/docblock-reflection": "^1.0",
                "maddhatter/markdown-table": "^1.0",
                "mockery/mockery": "^1.3",
                "php-coveralls/php-coveralls": "^2.2",
                "phpunit/phpunit": "^6"
            },
            "default-branch": true,
            "type": "library",
            "autoload": {
                "files": [
                    "gump.class.php"
                ],
                "psr-4": {
                    "GUMP\\": "src/"
                }
            },
            "notification-url": "https://packagist.org/downloads/",
            "license": [
                "MIT"
            ],
            "authors": [
                {
                    "name": "Sean Nieuwoudt",
                    "homepage": "https://wixelhq.com"
                },
                {
                    "name": "Filis Futsarov",
                    "homepage": "https://filis.me"
                }
            ],
            "description": "A fast, extensible & stand-alone PHP input validation class that allows you to validate any data.",
            "homepage": "https://wixelhq.com/",
            "keywords": [
                "validate",
                "validation",
                "validator"
            ],
            "support": {
                "issues": "https://github.com/Wixel/GUMP/issues",
                "source": "https://github.com/Wixel/GUMP/tree/v1.12.1"
            },
            "time": "2020-12-13T17:54:26+00:00"
        }
    ],
    "packages-dev": [],
    "aliases": [],
    "minimum-stability": "dev",
    "stability-flags": {
        "wixel/gump": 20,
        "tedivm/jshrink": 20,
        "phpmailer/phpmailer": 20,
        "phelium/mysql-backup": 20,
        "html2text/html2text": 20
    },
    "prefer-stable": false,
    "prefer-lowest": false,
    "platform": [],
    "platform-dev": [],
    "plugin-api-version": "2.0.0"
}
